<?xml version="1.0" encoding="utf-8"?>
<Project ToolsVersion="12.0" xmlns="http://schemas.microsoft.com/developer/msbuild/2003">
  <ItemGroup>
    <Filter Include="Resources">
      <UniqueIdentifier>fe2a49db-eabe-4c87-adb7-c9cc40909429</UniqueIdentifier>
      <Extensions>rc;ico;cur;bmp;dlg;rc2;rct;bin;rgs;gif;jpg;jpeg;jpe;resx;tga;tiff;tif;png;wav;mfcribbon-ms</Extensions>
    </Filter>
  </ItemGroup>
  <ItemGroup>
    <ClCompile Include="pch.cpp" />
    <ClCompile Include="CaptureFrameGrabber.cpp" />
    <ClCompile Include="Controller.cpp" />
    <ClCompile Include="MediaStreamSink.cpp" />
  </ItemGroup>
  <ItemGroup>
    <ClInclude Include="pch.h" />
    <ClInclude Include="CaptureFrameGrabber.h" />
    <ClInclude Include="Controller.h" />
    <ClInclude Include="MediaSink.h" />
    <ClInclude Include="MediaStreamSink.h" />
    <ClInclude Include="targetver.h" />
  </ItemGroup>
</Project>