
Microsoft Visual Studio Solution File, Format Version 12.00
# Visual Studio 2013
VisualStudioVersion = 12.0.30324.0
MinimumVisualStudioVersion = 10.0.40219.1
Project("{2150E333-8FDC-42A3-9474-1A3956D46DE8}") = "emptyExample", "emptyExample", "{F40C5479-78CE-4BA5-A07F-21B5DF985006}"
EndProject
Project("{8BC9CEB8-8B4A-11D0-8D11-00A0C91BC942}") = "emptyExample.Shared", "emptyExample\emptyExample.Shared\emptyExample.Shared.vcxitems", "{DFC93A90-79E4-40C9-B596-81652659637F}"
EndProject
Project("{8BC9CEB8-8B4A-11D0-8D11-00A0C91BC942}") = "emptyExample.Windows", "emptyExample\emptyExample.Windows\emptyExample.Windows.vcxproj", "{E089F597-0689-4117-AD1D-16E57ED119F9}"
EndProject
Project("{8BC9CEB8-8B4A-11D0-8D11-00A0C91BC942}") = "emptyExample.WindowsPhone", "emptyExample\emptyExample.WindowsPhone\emptyExample.WindowsPhone.vcxproj", "{58228778-BEDC-4A5C-A5ED-8040692CED3D}"
EndProject
Project("{2150E333-8FDC-42A3-9474-1A3956D46DE8}") = "openFrameworksLib", "openFrameworksLib", "{EA4CC29A-FC1E-43CF-9202-E1B3C74CFCA9}"
EndProject
Project("{8BC9CEB8-8B4A-11D0-8D11-00A0C91BC942}") = "openframeworksLib.Shared", "..\..\..\libs\openFrameworksCompiled\project\winrt\openframeworksLib.Shared\openframeworksLib.Shared.vcxitems", "{16015845-C9C3-4DBA-A313-23DB1EBCCF79}"
EndProject
Project("{8BC9CEB8-8B4A-11D0-8D11-00A0C91BC942}") = "openframeworksLib.Windows", "..\..\..\libs\openFrameworksCompiled\project\winrt\openframeworksLib.Windows\openframeworksLib.Windows.vcxproj", "{855AA510-479C-4E83-BACA-D8AB874166EA}"
EndProject
Project("{8BC9CEB8-8B4A-11D0-8D11-00A0C91BC942}") = "openframeworksLib.WindowsPhone", "..\..\..\libs\openFrameworksCompiled\project\winrt\openframeworksLib.WindowsPhone\openframeworksLib.WindowsPhone.vcxproj", "{66673A05-3C6D-4C38-A88C-156489A84E16}"
EndProject
Global
	GlobalSection(SharedMSBuildProjectFiles) = preSolution
		emptyExample\emptyExample.Shared\emptyExample.Shared.vcxitems*{e089f597-0689-4117-ad1d-16e57ed119f9}*SharedItemsImports = 4
		..\..\..\libs\openFrameworksCompiled\project\winrt\openframeworksLib.Shared\openframeworksLib.Shared.vcxitems*{16015845-c9c3-4dba-a313-23db1ebccf79}*SharedItemsImports = 9
		..\..\..\libs\openFrameworksCompiled\project\winrt\openframeworksLib.Shared\openframeworksLib.Shared.vcxitems*{855aa510-479c-4e83-baca-d8ab874166ea}*SharedItemsImports = 4
		emptyExample\emptyExample.Shared\emptyExample.Shared.vcxitems*{dfc93a90-79e4-40c9-b596-81652659637f}*SharedItemsImports = 9
		..\..\..\libs\openFrameworksCompiled\project\winrt\openframeworksLib.Shared\openframeworksLib.Shared.vcxitems*{66673a05-3c6d-4c38-a88c-156489a84e16}*SharedItemsImports = 4
		emptyExample\emptyExample.Shared\emptyExample.Shared.vcxitems*{58228778-bedc-4a5c-a5ed-8040692ced3d}*SharedItemsImports = 4
	EndGlobalSection
	GlobalSection(SolutionConfigurationPlatforms) = preSolution
		Debug|ARM = Debug|ARM
		Debug|Win32 = Debug|Win32
		Debug|x64 = Debug|x64
		Release|ARM = Release|ARM
		Release|Win32 = Release|Win32
		Release|x64 = Release|x64
	EndGlobalSection
	GlobalSection(ProjectConfigurationPlatforms) = postSolution
		{E089F597-0689-4117-AD1D-16E57ED119F9}.Debug|ARM.ActiveCfg = Debug|ARM
		{E089F597-0689-4117-AD1D-16E57ED119F9}.Debug|ARM.Build.0 = Debug|ARM
		{E089F597-0689-4117-AD1D-16E57ED119F9}.Debug|ARM.Deploy.0 = Debug|ARM
		{E089F597-0689-4117-AD1D-16E57ED119F9}.Debug|Win32.ActiveCfg = Debug|Win32
		{E089F597-0689-4117-AD1D-16E57ED119F9}.Debug|Win32.Build.0 = Debug|Win32
		{E089F597-0689-4117-AD1D-16E57ED119F9}.Debug|Win32.Deploy.0 = Debug|Win32
		{E089F597-0689-4117-AD1D-16E57ED119F9}.Debug|x64.ActiveCfg = Debug|x64
		{E089F597-0689-4117-AD1D-16E57ED119F9}.Debug|x64.Build.0 = Debug|x64
		{E089F597-0689-4117-AD1D-16E57ED119F9}.Debug|x64.Deploy.0 = Debug|x64
		{E089F597-0689-4117-AD1D-16E57ED119F9}.Release|ARM.ActiveCfg = Release|ARM
		{E089F597-0689-4117-AD1D-16E57ED119F9}.Release|ARM.Build.0 = Release|ARM
		{E089F597-0689-4117-AD1D-16E57ED119F9}.Release|ARM.Deploy.0 = Release|ARM
		{E089F597-0689-4117-AD1D-16E57ED119F9}.Release|Win32.ActiveCfg = Release|Win32
		{E089F597-0689-4117-AD1D-16E57ED119F9}.Release|Win32.Build.0 = Release|Win32
		{E089F597-0689-4117-AD1D-16E57ED119F9}.Release|Win32.Deploy.0 = Release|Win32
		{E089F597-0689-4117-AD1D-16E57ED119F9}.Release|x64.ActiveCfg = Release|x64
		{E089F597-0689-4117-AD1D-16E57ED119F9}.Release|x64.Build.0 = Release|x64
		{E089F597-0689-4117-AD1D-16E57ED119F9}.Release|x64.Deploy.0 = Release|x64
		{58228778-BEDC-4A5C-A5ED-8040692CED3D}.Debug|ARM.ActiveCfg = Debug|ARM
		{58228778-BEDC-4A5C-A5ED-8040692CED3D}.Debug|ARM.Build.0 = Debug|ARM
		{58228778-BEDC-4A5C-A5ED-8040692CED3D}.Debug|ARM.Deploy.0 = Debug|ARM
		{58228778-BEDC-4A5C-A5ED-8040692CED3D}.Debug|Win32.ActiveCfg = Debug|Win32
		{58228778-BEDC-4A5C-A5ED-8040692CED3D}.Debug|Win32.Build.0 = Debug|Win32
		{58228778-BEDC-4A5C-A5ED-8040692CED3D}.Debug|Win32.Deploy.0 = Debug|Win32
		{58228778-BEDC-4A5C-A5ED-8040692CED3D}.Debug|x64.ActiveCfg = Debug|Win32
		{58228778-BEDC-4A5C-A5ED-8040692CED3D}.Release|ARM.ActiveCfg = Release|ARM
		{58228778-BEDC-4A5C-A5ED-8040692CED3D}.Release|ARM.Build.0 = Release|ARM
		{58228778-BEDC-4A5C-A5ED-8040692CED3D}.Release|ARM.Deploy.0 = Release|ARM
		{58228778-BEDC-4A5C-A5ED-8040692CED3D}.Release|Win32.ActiveCfg = Release|Win32
		{58228778-BEDC-4A5C-A5ED-8040692CED3D}.Release|Win32.Build.0 = Release|Win32
		{58228778-BEDC-4A5C-A5ED-8040692CED3D}.Release|Win32.Deploy.0 = Release|Win32
		{58228778-BEDC-4A5C-A5ED-8040692CED3D}.Release|x64.ActiveCfg = Release|Win32
		{855AA510-479C-4E83-BACA-D8AB874166EA}.Debug|ARM.ActiveCfg = Debug|ARM
		{855AA510-479C-4E83-BACA-D8AB874166EA}.Debug|ARM.Build.0 = Debug|ARM
		{855AA510-479C-4E83-BACA-D8AB874166EA}.Debug|Win32.ActiveCfg = Debug|Win32
		{855AA510-479C-4E83-BACA-D8AB874166EA}.Debug|Win32.Build.0 = Debug|Win32
		{855AA510-479C-4E83-BACA-D8AB874166EA}.Debug|x64.ActiveCfg = Debug|x64
		{855AA510-479C-4E83-BACA-D8AB874166EA}.Debug|x64.Build.0 = Debug|x64
		{855AA510-479C-4E83-BACA-D8AB874166EA}.Release|ARM.ActiveCfg = Release|ARM
		{855AA510-479C-4E83-BACA-D8AB874166EA}.Release|ARM.Build.0 = Release|ARM
		{855AA510-479C-4E83-BACA-D8AB874166EA}.Release|Win32.ActiveCfg = Release|Win32
		{855AA510-479C-4E83-BACA-D8AB874166EA}.Release|Win32.Build.0 = Release|Win32
		{855AA510-479C-4E83-BACA-D8AB874166EA}.Release|x64.ActiveCfg = Release|x64
		{855AA510-479C-4E83-BACA-D8AB874166EA}.Release|x64.Build.0 = Release|x64
		{66673A05-3C6D-4C38-A88C-156489A84E16}.Debug|ARM.ActiveCfg = Debug|ARM
		{66673A05-3C6D-4C38-A88C-156489A84E16}.Debug|ARM.Build.0 = Debug|ARM
		{66673A05-3C6D-4C38-A88C-156489A84E16}.Debug|Win32.ActiveCfg = Debug|Win32
		{66673A05-3C6D-4C38-A88C-156489A84E16}.Debug|Win32.Build.0 = Debug|Win32
		{66673A05-3C6D-4C38-A88C-156489A84E16}.Debug|x64.ActiveCfg = Debug|Win32
		{66673A05-3C6D-4C38-A88C-156489A84E16}.Release|ARM.ActiveCfg = Release|ARM
		{66673A05-3C6D-4C38-A88C-156489A84E16}.Release|ARM.Build.0 = Release|ARM
		{66673A05-3C6D-4C38-A88C-156489A84E16}.Release|Win32.ActiveCfg = Release|Win32
		{66673A05-3C6D-4C38-A88C-156489A84E16}.Release|Win32.Build.0 = Release|Win32
		{66673A05-3C6D-4C38-A88C-156489A84E16}.Release|x64.ActiveCfg = Release|Win32
	EndGlobalSection
	GlobalSection(SolutionProperties) = preSolution
		HideSolutionNode = FALSE
	EndGlobalSection
	GlobalSection(NestedProjects) = preSolution
		{DFC93A90-79E4-40C9-B596-81652659637F} = {F40C5479-78CE-4BA5-A07F-21B5DF985006}
		{E089F597-0689-4117-AD1D-16E57ED119F9} = {F40C5479-78CE-4BA5-A07F-21B5DF985006}
		{58228778-BEDC-4A5C-A5ED-8040692CED3D} = {F40C5479-78CE-4BA5-A07F-21B5DF985006}
		{16015845-C9C3-4DBA-A313-23DB1EBCCF79} = {EA4CC29A-FC1E-43CF-9202-E1B3C74CFCA9}
		{855AA510-479C-4E83-BACA-D8AB874166EA} = {EA4CC29A-FC1E-43CF-9202-E1B3C74CFCA9}
		{66673A05-3C6D-4C38-A88C-156489A84E16} = {EA4CC29A-FC1E-43CF-9202-E1B3C74CFCA9}
	EndGlobalSection
EndGlobal
