
Microsoft Visual Studio Solution File, Format Version 12.00
# Visual Studio 2013
VisualStudioVersion = 12.0.21005.1
MinimumVisualStudioVersion = 10.0.40219.1
Project("{8BC9CEB8-8B4A-11D0-8D11-00A0C91BC942}") = "pointCloudExample_winrt", "pointCloudExample_winrt.vcxproj", "{A876DA76-6F71-4B42-8728-14ED86D415F7}"
EndProject
Project("{8BC9CEB8-8B4A-11D0-8D11-00A0C91BC942}") = "openFrameworksLib_winrt", "..\..\..\libs\openFrameworksCompiled\project\vs\openFrameworksLib_winrt.vcxproj", "{2327F49F-4274-4100-9ECD-08DD1FD8D54A}"
EndProject
Global
	GlobalSection(SolutionConfigurationPlatforms) = preSolution
		Debug|ARM = Debug|ARM
		Debug|Win32 = Debug|Win32
		Debug|x64 = Debug|x64
		Release|ARM = Release|ARM
		Release|Win32 = Release|Win32
		Release|x64 = Release|x64
	EndGlobalSection
	GlobalSection(ProjectConfigurationPlatforms) = postSolution
		{A876DA76-6F71-4B42-8728-14ED86D415F7}.Debug|ARM.ActiveCfg = Debug|ARM
		{A876DA76-6F71-4B42-8728-14ED86D415F7}.Debug|ARM.Build.0 = Debug|ARM
		{A876DA76-6F71-4B42-8728-14ED86D415F7}.Debug|ARM.Deploy.0 = Debug|ARM
		{A876DA76-6F71-4B42-8728-14ED86D415F7}.Debug|Win32.ActiveCfg = Debug|Win32
		{A876DA76-6F71-4B42-8728-14ED86D415F7}.Debug|Win32.Build.0 = Debug|Win32
		{A876DA76-6F71-4B42-8728-14ED86D415F7}.Debug|Win32.Deploy.0 = Debug|Win32
		{A876DA76-6F71-4B42-8728-14ED86D415F7}.Debug|x64.ActiveCfg = Debug|x64
		{A876DA76-6F71-4B42-8728-14ED86D415F7}.Debug|x64.Build.0 = Debug|x64
		{A876DA76-6F71-4B42-8728-14ED86D415F7}.Debug|x64.Deploy.0 = Debug|x64
		{A876DA76-6F71-4B42-8728-14ED86D415F7}.Release|ARM.ActiveCfg = Release|ARM
		{A876DA76-6F71-4B42-8728-14ED86D415F7}.Release|ARM.Build.0 = Release|ARM
		{A876DA76-6F71-4B42-8728-14ED86D415F7}.Release|ARM.Deploy.0 = Release|ARM
		{A876DA76-6F71-4B42-8728-14ED86D415F7}.Release|Win32.ActiveCfg = Release|Win32
		{A876DA76-6F71-4B42-8728-14ED86D415F7}.Release|Win32.Build.0 = Release|Win32
		{A876DA76-6F71-4B42-8728-14ED86D415F7}.Release|Win32.Deploy.0 = Release|Win32
		{A876DA76-6F71-4B42-8728-14ED86D415F7}.Release|x64.ActiveCfg = Release|x64
		{A876DA76-6F71-4B42-8728-14ED86D415F7}.Release|x64.Build.0 = Release|x64
		{A876DA76-6F71-4B42-8728-14ED86D415F7}.Release|x64.Deploy.0 = Release|x64
		{2327F49F-4274-4100-9ECD-08DD1FD8D54A}.Debug|ARM.ActiveCfg = Debug|ARM
		{2327F49F-4274-4100-9ECD-08DD1FD8D54A}.Debug|ARM.Build.0 = Debug|ARM
		{2327F49F-4274-4100-9ECD-08DD1FD8D54A}.Debug|Win32.ActiveCfg = Debug|Win32
		{2327F49F-4274-4100-9ECD-08DD1FD8D54A}.Debug|Win32.Build.0 = Debug|Win32
		{2327F49F-4274-4100-9ECD-08DD1FD8D54A}.Debug|x64.ActiveCfg = Debug|x64
		{2327F49F-4274-4100-9ECD-08DD1FD8D54A}.Debug|x64.Build.0 = Debug|x64
		{2327F49F-4274-4100-9ECD-08DD1FD8D54A}.Release|ARM.ActiveCfg = Release|ARM
		{2327F49F-4274-4100-9ECD-08DD1FD8D54A}.Release|ARM.Build.0 = Release|ARM
		{2327F49F-4274-4100-9ECD-08DD1FD8D54A}.Release|Win32.ActiveCfg = Release|Win32
		{2327F49F-4274-4100-9ECD-08DD1FD8D54A}.Release|Win32.Build.0 = Release|Win32
		{2327F49F-4274-4100-9ECD-08DD1FD8D54A}.Release|x64.ActiveCfg = Release|x64
		{2327F49F-4274-4100-9ECD-08DD1FD8D54A}.Release|x64.Build.0 = Release|x64
	EndGlobalSection
	GlobalSection(SolutionProperties) = preSolution
		HideSolutionNode = FALSE
	EndGlobalSection
EndGlobal
