<?xml version="1.0" encoding="utf-8"?>
<Project ToolsVersion="4.0" xmlns="http://schemas.microsoft.com/developer/msbuild/2003">
  <ItemGroup>
    <Filter Include="Common">
      <UniqueIdentifier>85938825-81ab-49a8-b56a-f02d9b3c1c11</UniqueIdentifier>
    </Filter>
    <Filter Include="Assets">
      <UniqueIdentifier>253a0287-1715-4fb4-a977-523e2d84b614</UniqueIdentifier>
    </Filter>
    <Image Include="Assets\Logo.png">
      <Filter>Assets</Filter>
    </Image>
    <Image Include="Assets\SmallLogo.png">
      <Filter>Assets</Filter>
    </Image>
    <Image Include="Assets\StoreLogo.png">
      <Filter>Assets</Filter>
    </Image>
    <Image Include="Assets\SplashScreen.png">
      <Filter>Assets</Filter>
    </Image>
    <Filter Include="data">
      <UniqueIdentifier>{b78bd7c9-7e51-47bd-a99a-1423a036d012}</UniqueIdentifier>
    </Filter>
  </ItemGroup>
  <ItemGroup>
    <None Include="blendingExample_winrt_TemporaryKey.pfx" />
    <None Include="..\..\..\export\vs\libEGL.dll" />
    <None Include="..\..\..\export\vs\libGLESv2.dll" />
    <None Include="..\..\..\export\vs\fmodex.dll" />
    <None Include="..\..\..\export\vs\FreeImage.dll" />
  </ItemGroup>
  <ItemGroup>
    <ClCompile Include="src\main.cpp" />
    <ClCompile Include="src\ofApp.cpp" />
  </ItemGroup>
  <ItemGroup>
    <ClInclude Include="src\ofApp.h" />
  </ItemGroup>
  <ItemGroup>
    <AppxManifest Include="Package.appxmanifest" />
  </ItemGroup>
  <ItemGroup>
    <Image Include="data\rainbow.tiff">
      <Filter>data</Filter>
    </Image>
  </ItemGroup>
  <ItemGroup>
    <Font Include="data\vag.ttf">
      <Filter>data</Filter>
    </Font>
  </ItemGroup>
</Project>