
Microsoft Visual Studio Solution File, Format Version 12.00
# Visual Studio 2013
VisualStudioVersion = 12.0.30324.0
MinimumVisualStudioVersion = 10.0.40219.1
Project("{2150E333-8FDC-42A3-9474-1A3956D46DE8}") = "opencv", "opencv", "{C873BDBD-0A4C-4148-9965-46CCA59F9561}"
EndProject
Project("{8BC9CEB8-8B4A-11D0-8D11-00A0C91BC942}") = "opencv.Shared", "opencv\opencv.Shared\opencv.Shared.vcxitems", "{D93CD4D3-32E7-4A75-9FED-81A5731DFE2D}"
EndProject
Project("{2150E333-8FDC-42A3-9474-1A3956D46DE8}") = "OpenFrameworks", "OpenFrameworks", "{005D045F-6C19-48D5-86B1-78EBAC54419C}"
EndProject
Project("{8BC9CEB8-8B4A-11D0-8D11-00A0C91BC942}") = "openframeworksLib.Shared", "..\..\..\libs\openFrameworksCompiled\project\winrt\openframeworksLib.Shared\openframeworksLib.Shared.vcxitems", "{16015845-C9C3-4DBA-A313-23DB1EBCCF79}"
EndProject
Project("{8BC9CEB8-8B4A-11D0-8D11-00A0C91BC942}") = "openframeworksLib.Windows", "..\..\..\libs\openFrameworksCompiled\project\winrt\openframeworksLib.Windows\openframeworksLib.Windows.vcxproj", "{855AA510-479C-4E83-BACA-D8AB874166EA}"
EndProject
Project("{8BC9CEB8-8B4A-11D0-8D11-00A0C91BC942}") = "openframeworksLib.WindowsPhone", "..\..\..\libs\openFrameworksCompiled\project\winrt\openframeworksLib.WindowsPhone\openframeworksLib.WindowsPhone.vcxproj", "{66673A05-3C6D-4C38-A88C-156489A84E16}"
EndProject
Project("{8BC9CEB8-8B4A-11D0-8D11-00A0C91BC942}") = "opencv.Windows", "opencv\opencv.Windows\opencv.Windows.vcxproj", "{DE59519A-E3CF-4B88-BF42-12A0BD8413B6}"
EndProject
Project("{8BC9CEB8-8B4A-11D0-8D11-00A0C91BC942}") = "opencv_core", "..\..\..\..\opencv\binWinRT\modules\core\opencv_core.vcxproj", "{015A92E7-9FB3-428F-99D0-9B2088C54426}"
EndProject
Project("{8BC9CEB8-8B4A-11D0-8D11-00A0C91BC942}") = "opencv_features2d", "..\..\..\..\opencv\binWinRT\modules\features2d\opencv_features2d.vcxproj", "{BB1ABC95-4975-4814-8097-508B1F99063D}"
EndProject
Project("{8BC9CEB8-8B4A-11D0-8D11-00A0C91BC942}") = "opencv_imgproc", "..\..\..\..\opencv\binWinRT\modules\imgproc\opencv_imgproc.vcxproj", "{1320606C-4689-48F6-B6DD-12EC932C9CEF}"
EndProject
Project("{8BC9CEB8-8B4A-11D0-8D11-00A0C91BC942}") = "zlib", "..\..\..\..\opencv\binWinRT\3rdparty\zlib\zlib.vcxproj", "{656A658B-3EE2-4F94-8899-C65543317D01}"
EndProject
Project("{8BC9CEB8-8B4A-11D0-8D11-00A0C91BC942}") = "opencv_flann", "..\..\..\..\opencv\binWinRT\modules\flann\opencv_flann.vcxproj", "{26BBD092-C917-43BD-B339-824B036FF8FE}"
EndProject
Global
	GlobalSection(SharedMSBuildProjectFiles) = preSolution
		..\..\..\libs\openFrameworksCompiled\project\winrt\openframeworksLib.Shared\openframeworksLib.Shared.vcxitems*{16015845-c9c3-4dba-a313-23db1ebccf79}*SharedItemsImports = 9
		..\..\..\libs\openFrameworksCompiled\project\winrt\openframeworksLib.Shared\openframeworksLib.Shared.vcxitems*{855aa510-479c-4e83-baca-d8ab874166ea}*SharedItemsImports = 4
		opencv\opencv.Shared\opencv.Shared.vcxitems*{de59519a-e3cf-4b88-bf42-12a0bd8413b6}*SharedItemsImports = 4
		..\..\..\libs\openFrameworksCompiled\project\winrt\openframeworksLib.Shared\openframeworksLib.Shared.vcxitems*{66673a05-3c6d-4c38-a88c-156489a84e16}*SharedItemsImports = 4
		opencv\opencv.Shared\opencv.Shared.vcxitems*{d93cd4d3-32e7-4a75-9fed-81a5731dfe2d}*SharedItemsImports = 9
	EndGlobalSection
	GlobalSection(SolutionConfigurationPlatforms) = preSolution
		Debug|ARM = Debug|ARM
		Debug|Win32 = Debug|Win32
		Debug|x64 = Debug|x64
		Release|ARM = Release|ARM
		Release|Win32 = Release|Win32
		Release|x64 = Release|x64
	EndGlobalSection
	GlobalSection(ProjectConfigurationPlatforms) = postSolution
		{855AA510-479C-4E83-BACA-D8AB874166EA}.Debug|ARM.ActiveCfg = Debug|ARM
		{855AA510-479C-4E83-BACA-D8AB874166EA}.Debug|ARM.Build.0 = Debug|ARM
		{855AA510-479C-4E83-BACA-D8AB874166EA}.Debug|Win32.ActiveCfg = Debug|Win32
		{855AA510-479C-4E83-BACA-D8AB874166EA}.Debug|Win32.Build.0 = Debug|Win32
		{855AA510-479C-4E83-BACA-D8AB874166EA}.Debug|x64.ActiveCfg = Debug|x64
		{855AA510-479C-4E83-BACA-D8AB874166EA}.Debug|x64.Build.0 = Debug|x64
		{855AA510-479C-4E83-BACA-D8AB874166EA}.Release|ARM.ActiveCfg = Release|ARM
		{855AA510-479C-4E83-BACA-D8AB874166EA}.Release|ARM.Build.0 = Release|ARM
		{855AA510-479C-4E83-BACA-D8AB874166EA}.Release|Win32.ActiveCfg = Release|Win32
		{855AA510-479C-4E83-BACA-D8AB874166EA}.Release|Win32.Build.0 = Release|Win32
		{855AA510-479C-4E83-BACA-D8AB874166EA}.Release|x64.ActiveCfg = Release|x64
		{855AA510-479C-4E83-BACA-D8AB874166EA}.Release|x64.Build.0 = Release|x64
		{66673A05-3C6D-4C38-A88C-156489A84E16}.Debug|ARM.ActiveCfg = Debug|ARM
		{66673A05-3C6D-4C38-A88C-156489A84E16}.Debug|ARM.Build.0 = Debug|ARM
		{66673A05-3C6D-4C38-A88C-156489A84E16}.Debug|Win32.ActiveCfg = Debug|Win32
		{66673A05-3C6D-4C38-A88C-156489A84E16}.Debug|Win32.Build.0 = Debug|Win32
		{66673A05-3C6D-4C38-A88C-156489A84E16}.Debug|x64.ActiveCfg = Debug|Win32
		{66673A05-3C6D-4C38-A88C-156489A84E16}.Release|ARM.ActiveCfg = Release|ARM
		{66673A05-3C6D-4C38-A88C-156489A84E16}.Release|ARM.Build.0 = Release|ARM
		{66673A05-3C6D-4C38-A88C-156489A84E16}.Release|Win32.ActiveCfg = Release|Win32
		{66673A05-3C6D-4C38-A88C-156489A84E16}.Release|Win32.Build.0 = Release|Win32
		{66673A05-3C6D-4C38-A88C-156489A84E16}.Release|x64.ActiveCfg = Release|Win32
		{DE59519A-E3CF-4B88-BF42-12A0BD8413B6}.Debug|ARM.ActiveCfg = Debug|ARM
		{DE59519A-E3CF-4B88-BF42-12A0BD8413B6}.Debug|ARM.Build.0 = Debug|ARM
		{DE59519A-E3CF-4B88-BF42-12A0BD8413B6}.Debug|ARM.Deploy.0 = Debug|ARM
		{DE59519A-E3CF-4B88-BF42-12A0BD8413B6}.Debug|Win32.ActiveCfg = Debug|Win32
		{DE59519A-E3CF-4B88-BF42-12A0BD8413B6}.Debug|Win32.Build.0 = Debug|Win32
		{DE59519A-E3CF-4B88-BF42-12A0BD8413B6}.Debug|Win32.Deploy.0 = Debug|Win32
		{DE59519A-E3CF-4B88-BF42-12A0BD8413B6}.Debug|x64.ActiveCfg = Debug|x64
		{DE59519A-E3CF-4B88-BF42-12A0BD8413B6}.Debug|x64.Build.0 = Debug|x64
		{DE59519A-E3CF-4B88-BF42-12A0BD8413B6}.Debug|x64.Deploy.0 = Debug|x64
		{DE59519A-E3CF-4B88-BF42-12A0BD8413B6}.Release|ARM.ActiveCfg = Release|ARM
		{DE59519A-E3CF-4B88-BF42-12A0BD8413B6}.Release|ARM.Build.0 = Release|ARM
		{DE59519A-E3CF-4B88-BF42-12A0BD8413B6}.Release|ARM.Deploy.0 = Release|ARM
		{DE59519A-E3CF-4B88-BF42-12A0BD8413B6}.Release|Win32.ActiveCfg = Release|Win32
		{DE59519A-E3CF-4B88-BF42-12A0BD8413B6}.Release|Win32.Build.0 = Release|Win32
		{DE59519A-E3CF-4B88-BF42-12A0BD8413B6}.Release|Win32.Deploy.0 = Release|Win32
		{DE59519A-E3CF-4B88-BF42-12A0BD8413B6}.Release|x64.ActiveCfg = Release|x64
		{DE59519A-E3CF-4B88-BF42-12A0BD8413B6}.Release|x64.Build.0 = Release|x64
		{DE59519A-E3CF-4B88-BF42-12A0BD8413B6}.Release|x64.Deploy.0 = Release|x64
		{015A92E7-9FB3-428F-99D0-9B2088C54426}.Debug|ARM.ActiveCfg = Debug|ARM
		{015A92E7-9FB3-428F-99D0-9B2088C54426}.Debug|ARM.Build.0 = Debug|ARM
		{015A92E7-9FB3-428F-99D0-9B2088C54426}.Debug|Win32.ActiveCfg = Debug|Win32
		{015A92E7-9FB3-428F-99D0-9B2088C54426}.Debug|Win32.Build.0 = Debug|Win32
		{015A92E7-9FB3-428F-99D0-9B2088C54426}.Debug|x64.ActiveCfg = Debug|x64
		{015A92E7-9FB3-428F-99D0-9B2088C54426}.Debug|x64.Build.0 = Debug|x64
		{015A92E7-9FB3-428F-99D0-9B2088C54426}.Release|ARM.ActiveCfg = Release|ARM
		{015A92E7-9FB3-428F-99D0-9B2088C54426}.Release|ARM.Build.0 = Release|ARM
		{015A92E7-9FB3-428F-99D0-9B2088C54426}.Release|Win32.ActiveCfg = Release|Win32
		{015A92E7-9FB3-428F-99D0-9B2088C54426}.Release|Win32.Build.0 = Release|Win32
		{015A92E7-9FB3-428F-99D0-9B2088C54426}.Release|x64.ActiveCfg = Release|x64
		{015A92E7-9FB3-428F-99D0-9B2088C54426}.Release|x64.Build.0 = Release|x64
		{BB1ABC95-4975-4814-8097-508B1F99063D}.Debug|ARM.ActiveCfg = Debug|ARM
		{BB1ABC95-4975-4814-8097-508B1F99063D}.Debug|ARM.Build.0 = Debug|ARM
		{BB1ABC95-4975-4814-8097-508B1F99063D}.Debug|Win32.ActiveCfg = Debug|Win32
		{BB1ABC95-4975-4814-8097-508B1F99063D}.Debug|Win32.Build.0 = Debug|Win32
		{BB1ABC95-4975-4814-8097-508B1F99063D}.Debug|x64.ActiveCfg = Debug|x64
		{BB1ABC95-4975-4814-8097-508B1F99063D}.Debug|x64.Build.0 = Debug|x64
		{BB1ABC95-4975-4814-8097-508B1F99063D}.Release|ARM.ActiveCfg = Release|ARM
		{BB1ABC95-4975-4814-8097-508B1F99063D}.Release|ARM.Build.0 = Release|ARM
		{BB1ABC95-4975-4814-8097-508B1F99063D}.Release|Win32.ActiveCfg = Release|Win32
		{BB1ABC95-4975-4814-8097-508B1F99063D}.Release|Win32.Build.0 = Release|Win32
		{BB1ABC95-4975-4814-8097-508B1F99063D}.Release|x64.ActiveCfg = Release|x64
		{BB1ABC95-4975-4814-8097-508B1F99063D}.Release|x64.Build.0 = Release|x64
		{1320606C-4689-48F6-B6DD-12EC932C9CEF}.Debug|ARM.ActiveCfg = Debug|ARM
		{1320606C-4689-48F6-B6DD-12EC932C9CEF}.Debug|ARM.Build.0 = Debug|ARM
		{1320606C-4689-48F6-B6DD-12EC932C9CEF}.Debug|Win32.ActiveCfg = Debug|Win32
		{1320606C-4689-48F6-B6DD-12EC932C9CEF}.Debug|Win32.Build.0 = Debug|Win32
		{1320606C-4689-48F6-B6DD-12EC932C9CEF}.Debug|x64.ActiveCfg = Debug|x64
		{1320606C-4689-48F6-B6DD-12EC932C9CEF}.Debug|x64.Build.0 = Debug|x64
		{1320606C-4689-48F6-B6DD-12EC932C9CEF}.Release|ARM.ActiveCfg = Release|ARM
		{1320606C-4689-48F6-B6DD-12EC932C9CEF}.Release|ARM.Build.0 = Release|ARM
		{1320606C-4689-48F6-B6DD-12EC932C9CEF}.Release|Win32.ActiveCfg = Release|Win32
		{1320606C-4689-48F6-B6DD-12EC932C9CEF}.Release|Win32.Build.0 = Release|Win32
		{1320606C-4689-48F6-B6DD-12EC932C9CEF}.Release|x64.ActiveCfg = Release|x64
		{1320606C-4689-48F6-B6DD-12EC932C9CEF}.Release|x64.Build.0 = Release|x64
		{656A658B-3EE2-4F94-8899-C65543317D01}.Debug|ARM.ActiveCfg = Debug|ARM
		{656A658B-3EE2-4F94-8899-C65543317D01}.Debug|ARM.Build.0 = Debug|ARM
		{656A658B-3EE2-4F94-8899-C65543317D01}.Debug|Win32.ActiveCfg = Debug|Win32
		{656A658B-3EE2-4F94-8899-C65543317D01}.Debug|Win32.Build.0 = Debug|Win32
		{656A658B-3EE2-4F94-8899-C65543317D01}.Debug|x64.ActiveCfg = Debug|x64
		{656A658B-3EE2-4F94-8899-C65543317D01}.Debug|x64.Build.0 = Debug|x64
		{656A658B-3EE2-4F94-8899-C65543317D01}.Release|ARM.ActiveCfg = Release|ARM
		{656A658B-3EE2-4F94-8899-C65543317D01}.Release|ARM.Build.0 = Release|ARM
		{656A658B-3EE2-4F94-8899-C65543317D01}.Release|Win32.ActiveCfg = Release|Win32
		{656A658B-3EE2-4F94-8899-C65543317D01}.Release|Win32.Build.0 = Release|Win32
		{656A658B-3EE2-4F94-8899-C65543317D01}.Release|x64.ActiveCfg = Release|x64
		{656A658B-3EE2-4F94-8899-C65543317D01}.Release|x64.Build.0 = Release|x64
		{26BBD092-C917-43BD-B339-824B036FF8FE}.Debug|ARM.ActiveCfg = Debug|ARM
		{26BBD092-C917-43BD-B339-824B036FF8FE}.Debug|ARM.Build.0 = Debug|ARM
		{26BBD092-C917-43BD-B339-824B036FF8FE}.Debug|Win32.ActiveCfg = Debug|Win32
		{26BBD092-C917-43BD-B339-824B036FF8FE}.Debug|Win32.Build.0 = Debug|Win32
		{26BBD092-C917-43BD-B339-824B036FF8FE}.Debug|x64.ActiveCfg = Debug|x64
		{26BBD092-C917-43BD-B339-824B036FF8FE}.Debug|x64.Build.0 = Debug|x64
		{26BBD092-C917-43BD-B339-824B036FF8FE}.Release|ARM.ActiveCfg = Release|ARM
		{26BBD092-C917-43BD-B339-824B036FF8FE}.Release|ARM.Build.0 = Release|ARM
		{26BBD092-C917-43BD-B339-824B036FF8FE}.Release|Win32.ActiveCfg = Release|Win32
		{26BBD092-C917-43BD-B339-824B036FF8FE}.Release|Win32.Build.0 = Release|Win32
		{26BBD092-C917-43BD-B339-824B036FF8FE}.Release|x64.ActiveCfg = Release|x64
		{26BBD092-C917-43BD-B339-824B036FF8FE}.Release|x64.Build.0 = Release|x64
	EndGlobalSection
	GlobalSection(SolutionProperties) = preSolution
		HideSolutionNode = FALSE
	EndGlobalSection
	GlobalSection(NestedProjects) = preSolution
		{D93CD4D3-32E7-4A75-9FED-81A5731DFE2D} = {C873BDBD-0A4C-4148-9965-46CCA59F9561}
		{16015845-C9C3-4DBA-A313-23DB1EBCCF79} = {005D045F-6C19-48D5-86B1-78EBAC54419C}
		{855AA510-479C-4E83-BACA-D8AB874166EA} = {005D045F-6C19-48D5-86B1-78EBAC54419C}
		{66673A05-3C6D-4C38-A88C-156489A84E16} = {005D045F-6C19-48D5-86B1-78EBAC54419C}
		{DE59519A-E3CF-4B88-BF42-12A0BD8413B6} = {C873BDBD-0A4C-4148-9965-46CCA59F9561}
	EndGlobalSection
EndGlobal
