<?xml version="1.0" encoding="utf-8"?>
<Project ToolsVersion="12.0" xmlns="http://schemas.microsoft.com/developer/msbuild/2003">
  <ItemGroup>
    <Filter Include="libs">
      <UniqueIdentifier>{cf426438-eaa8-4c34-8598-2efaddee74ed}</UniqueIdentifier>
    </Filter>
    <Filter Include="libs\openFrameworks">
      <UniqueIdentifier>{17f439ae-5660-4a89-ae91-228aa27fe3c2}</UniqueIdentifier>
    </Filter>
    <Filter Include="libs\openFrameworks\3d">
      <UniqueIdentifier>{09e1a1be-be8f-42c2-8f77-ba19abd6082d}</UniqueIdentifier>
    </Filter>
    <Filter Include="libs\openFrameworks\app">
      <UniqueIdentifier>{b2aa2e11-f625-47fb-aa86-594ad0b093f1}</UniqueIdentifier>
    </Filter>
    <Filter Include="libs\openFrameworks\events">
      <UniqueIdentifier>{5da24102-f6de-43d6-a762-446a9c511ce5}</UniqueIdentifier>
    </Filter>
    <Filter Include="libs\openFrameworks\gl">
      <UniqueIdentifier>{49c6656c-164a-42c3-a819-e3103975ca00}</UniqueIdentifier>
    </Filter>
    <Filter Include="libs\openFrameworks\graphics">
      <UniqueIdentifier>{199b4096-b6ed-4a4a-b535-06f9f8abbd4a}</UniqueIdentifier>
    </Filter>
    <Filter Include="libs\openFrameworks\math">
      <UniqueIdentifier>{afdeca5f-c150-41c4-8f90-29e28542ca42}</UniqueIdentifier>
    </Filter>
    <Filter Include="libs\openFrameworks\sound">
      <UniqueIdentifier>{d9be9597-867b-4b5f-996a-fb67d5c5ec13}</UniqueIdentifier>
    </Filter>
    <Filter Include="libs\openFrameworks\ThreadEmulation">
      <UniqueIdentifier>{c7ef1db6-4da3-47af-9c63-4279cf12f320}</UniqueIdentifier>
    </Filter>
    <Filter Include="libs\openFrameworks\types">
      <UniqueIdentifier>{ff363b8d-eda8-4540-8883-015af5b2fce9}</UniqueIdentifier>
    </Filter>
    <Filter Include="libs\openFrameworks\utils">
      <UniqueIdentifier>{db15a37d-199b-4836-a070-bad9d129cb84}</UniqueIdentifier>
    </Filter>
    <Filter Include="libs\openFrameworks\video">
      <UniqueIdentifier>{27f313a2-2e29-4fd3-a23a-3bf0bd89a4f5}</UniqueIdentifier>
    </Filter>
  </ItemGroup>
  <ItemGroup>
    <ClCompile Include="$(MSBuildThisFileDirectory)..\..\..\..\openFrameworks\3d\of3dPrimitives.cpp">
      <Filter>libs\openFrameworks\3d</Filter>
    </ClCompile>
    <ClCompile Include="$(MSBuildThisFileDirectory)..\..\..\..\openFrameworks\3d\of3dUtils.cpp">
      <Filter>libs\openFrameworks\3d</Filter>
    </ClCompile>
    <ClCompile Include="$(MSBuildThisFileDirectory)..\..\..\..\openFrameworks\3d\ofCamera.cpp">
      <Filter>libs\openFrameworks\3d</Filter>
    </ClCompile>
    <ClCompile Include="$(MSBuildThisFileDirectory)..\..\..\..\openFrameworks\3d\ofEasyCam.cpp">
      <Filter>libs\openFrameworks\3d</Filter>
    </ClCompile>
    <ClCompile Include="$(MSBuildThisFileDirectory)..\..\..\..\openFrameworks\3d\ofMesh.cpp">
      <Filter>libs\openFrameworks\3d</Filter>
    </ClCompile>
    <ClCompile Include="$(MSBuildThisFileDirectory)..\..\..\..\openFrameworks\3d\ofNode.cpp">
      <Filter>libs\openFrameworks\3d</Filter>
    </ClCompile>
    <ClCompile Include="$(MSBuildThisFileDirectory)..\..\..\..\openFrameworks\app\ofAppNoWindow.cpp">
      <Filter>libs\openFrameworks\app</Filter>
    </ClCompile>
    <ClCompile Include="$(MSBuildThisFileDirectory)..\..\..\..\openFrameworks\app\ofAppRunner.cpp">
      <Filter>libs\openFrameworks\app</Filter>
    </ClCompile>
    <ClCompile Include="$(MSBuildThisFileDirectory)..\..\..\..\openFrameworks\app\ofAppWinRTWindow.cpp">
      <Filter>libs\openFrameworks\app</Filter>
    </ClCompile>
    <ClCompile Include="$(MSBuildThisFileDirectory)..\..\..\..\openFrameworks\events\ofEvents.cpp">
      <Filter>libs\openFrameworks\events</Filter>
    </ClCompile>
    <ClCompile Include="$(MSBuildThisFileDirectory)..\..\..\..\openFrameworks\gl\ofFbo.cpp">
      <Filter>libs\openFrameworks\gl</Filter>
    </ClCompile>
    <ClCompile Include="$(MSBuildThisFileDirectory)..\..\..\..\openFrameworks\gl\ofGLProgrammableRenderer.cpp">
      <Filter>libs\openFrameworks\gl</Filter>
    </ClCompile>
    <ClCompile Include="$(MSBuildThisFileDirectory)..\..\..\..\openFrameworks\gl\ofGLUtils.cpp">
      <Filter>libs\openFrameworks\gl</Filter>
    </ClCompile>
    <ClCompile Include="$(MSBuildThisFileDirectory)..\..\..\..\openFrameworks\gl\ofLight.cpp">
      <Filter>libs\openFrameworks\gl</Filter>
    </ClCompile>
    <ClCompile Include="$(MSBuildThisFileDirectory)..\..\..\..\openFrameworks\gl\ofMaterial.cpp">
      <Filter>libs\openFrameworks\gl</Filter>
    </ClCompile>
    <ClCompile Include="$(MSBuildThisFileDirectory)..\..\..\..\openFrameworks\gl\ofShader.cpp">
      <Filter>libs\openFrameworks\gl</Filter>
    </ClCompile>
    <ClCompile Include="$(MSBuildThisFileDirectory)..\..\..\..\openFrameworks\gl\ofTexture.cpp">
      <Filter>libs\openFrameworks\gl</Filter>
    </ClCompile>
    <ClCompile Include="$(MSBuildThisFileDirectory)..\..\..\..\openFrameworks\gl\ofVbo.cpp">
      <Filter>libs\openFrameworks\gl</Filter>
    </ClCompile>
    <ClCompile Include="$(MSBuildThisFileDirectory)..\..\..\..\openFrameworks\gl\ofVboMesh.cpp">
      <Filter>libs\openFrameworks\gl</Filter>
    </ClCompile>
    <ClCompile Include="$(MSBuildThisFileDirectory)..\..\..\..\openFrameworks\graphics\of3dGraphics.cpp">
      <Filter>libs\openFrameworks\graphics</Filter>
    </ClCompile>
    <ClCompile Include="$(MSBuildThisFileDirectory)..\..\..\..\openFrameworks\graphics\ofBitmapFont.cpp">
      <Filter>libs\openFrameworks\graphics</Filter>
    </ClCompile>
    <ClCompile Include="$(MSBuildThisFileDirectory)..\..\..\..\openFrameworks\graphics\ofCairoRenderer.cpp">
      <Filter>libs\openFrameworks\graphics</Filter>
    </ClCompile>
    <ClCompile Include="$(MSBuildThisFileDirectory)..\..\..\..\openFrameworks\graphics\ofGraphics.cpp">
      <Filter>libs\openFrameworks\graphics</Filter>
    </ClCompile>
    <ClCompile Include="$(MSBuildThisFileDirectory)..\..\..\..\openFrameworks\graphics\ofImage.cpp">
      <Filter>libs\openFrameworks\graphics</Filter>
    </ClCompile>
    <ClCompile Include="$(MSBuildThisFileDirectory)..\..\..\..\openFrameworks\graphics\ofPath.cpp">
      <Filter>libs\openFrameworks\graphics</Filter>
    </ClCompile>
    <ClCompile Include="$(MSBuildThisFileDirectory)..\..\..\..\openFrameworks\graphics\ofPixels.cpp">
      <Filter>libs\openFrameworks\graphics</Filter>
    </ClCompile>
    <ClCompile Include="$(MSBuildThisFileDirectory)..\..\..\..\openFrameworks\graphics\ofPolyline.cpp">
      <Filter>libs\openFrameworks\graphics</Filter>
    </ClCompile>
    <ClCompile Include="$(MSBuildThisFileDirectory)..\..\..\..\openFrameworks\graphics\ofRendererCollection.cpp">
      <Filter>libs\openFrameworks\graphics</Filter>
    </ClCompile>
    <ClCompile Include="$(MSBuildThisFileDirectory)..\..\..\..\openFrameworks\graphics\ofTessellator.cpp">
      <Filter>libs\openFrameworks\graphics</Filter>
    </ClCompile>
    <ClCompile Include="$(MSBuildThisFileDirectory)..\..\..\..\openFrameworks\graphics\ofTrueTypeFont.cpp">
      <Filter>libs\openFrameworks\graphics</Filter>
    </ClCompile>
    <ClCompile Include="$(MSBuildThisFileDirectory)..\..\..\..\openFrameworks\math\ofMath.cpp">
      <Filter>libs\openFrameworks\math</Filter>
    </ClCompile>
    <ClCompile Include="$(MSBuildThisFileDirectory)..\..\..\..\openFrameworks\math\ofMatrix3x3.cpp">
      <Filter>libs\openFrameworks\math</Filter>
    </ClCompile>
    <ClCompile Include="$(MSBuildThisFileDirectory)..\..\..\..\openFrameworks\math\ofMatrix4x4.cpp">
      <Filter>libs\openFrameworks\math</Filter>
    </ClCompile>
    <ClCompile Include="$(MSBuildThisFileDirectory)..\..\..\..\openFrameworks\math\ofQuaternion.cpp">
      <Filter>libs\openFrameworks\math</Filter>
    </ClCompile>
    <ClCompile Include="$(MSBuildThisFileDirectory)..\..\..\..\openFrameworks\math\ofVec2f.cpp">
      <Filter>libs\openFrameworks\math</Filter>
    </ClCompile>
    <ClCompile Include="$(MSBuildThisFileDirectory)..\..\..\..\openFrameworks\math\ofVec4f.cpp">
      <Filter>libs\openFrameworks\math</Filter>
    </ClCompile>
    <ClCompile Include="$(MSBuildThisFileDirectory)..\..\..\..\openFrameworks\sound\ofFmodSoundPlayer.cpp">
      <Filter>libs\openFrameworks\sound</Filter>
    </ClCompile>
    <ClCompile Include="$(MSBuildThisFileDirectory)..\..\..\..\openFrameworks\sound\ofOpenALSoundPlayer.cpp">
      <Filter>libs\openFrameworks\sound</Filter>
    </ClCompile>
    <ClCompile Include="$(MSBuildThisFileDirectory)..\..\..\..\openFrameworks\sound\ofRtAudioSoundStream.cpp">
      <Filter>libs\openFrameworks\sound</Filter>
    </ClCompile>
    <ClCompile Include="$(MSBuildThisFileDirectory)..\..\..\..\openFrameworks\sound\ofSoundPlayer.cpp">
      <Filter>libs\openFrameworks\sound</Filter>
    </ClCompile>
    <ClCompile Include="$(MSBuildThisFileDirectory)..\..\..\..\openFrameworks\sound\ofSoundStream.cpp">
      <Filter>libs\openFrameworks\sound</Filter>
    </ClCompile>
    <ClCompile Include="$(MSBuildThisFileDirectory)..\..\..\..\openFrameworks\ThreadEmulation\ThreadEmulation.cpp">
      <Filter>libs\openFrameworks\ThreadEmulation</Filter>
    </ClCompile>
    <ClCompile Include="$(MSBuildThisFileDirectory)..\..\..\..\openFrameworks\types\ofBaseTypes.cpp">
      <Filter>libs\openFrameworks\types</Filter>
    </ClCompile>
    <ClCompile Include="$(MSBuildThisFileDirectory)..\..\..\..\openFrameworks\types\ofColor.cpp">
      <Filter>libs\openFrameworks\types</Filter>
    </ClCompile>
    <ClCompile Include="$(MSBuildThisFileDirectory)..\..\..\..\openFrameworks\types\ofParameter.cpp">
      <Filter>libs\openFrameworks\types</Filter>
    </ClCompile>
    <ClCompile Include="$(MSBuildThisFileDirectory)..\..\..\..\openFrameworks\types\ofParameterGroup.cpp">
      <Filter>libs\openFrameworks\types</Filter>
    </ClCompile>
    <ClCompile Include="$(MSBuildThisFileDirectory)..\..\..\..\openFrameworks\types\ofRectangle.cpp">
      <Filter>libs\openFrameworks\types</Filter>
    </ClCompile>
    <ClCompile Include="$(MSBuildThisFileDirectory)..\..\..\..\openFrameworks\utils\ofFileUtils.cpp">
      <Filter>libs\openFrameworks\utils</Filter>
    </ClCompile>
    <ClCompile Include="$(MSBuildThisFileDirectory)..\..\..\..\openFrameworks\utils\ofLog.cpp">
      <Filter>libs\openFrameworks\utils</Filter>
    </ClCompile>
    <ClCompile Include="$(MSBuildThisFileDirectory)..\..\..\..\openFrameworks\utils\ofMatrixStack.cpp">
      <Filter>libs\openFrameworks\utils</Filter>
    </ClCompile>
    <ClCompile Include="$(MSBuildThisFileDirectory)..\..\..\..\openFrameworks\utils\ofSystemUtils.cpp">
      <Filter>libs\openFrameworks\utils</Filter>
    </ClCompile>
    <ClCompile Include="$(MSBuildThisFileDirectory)..\..\..\..\openFrameworks\utils\ofThread.cpp">
      <Filter>libs\openFrameworks\utils</Filter>
    </ClCompile>
    <ClCompile Include="$(MSBuildThisFileDirectory)..\..\..\..\openFrameworks\utils\ofUtils.cpp">
      <Filter>libs\openFrameworks\utils</Filter>
    </ClCompile>
    <ClCompile Include="$(MSBuildThisFileDirectory)..\..\..\..\openFrameworks\utils\ofXml.cpp">
      <Filter>libs\openFrameworks\utils</Filter>
    </ClCompile>
    <ClCompile Include="$(MSBuildThisFileDirectory)..\..\..\..\openFrameworks\utils\ofURLFileLoader.cpp">
      <Filter>libs\openFrameworks\utils</Filter>
    </ClCompile>
    <ClCompile Include="$(MSBuildThisFileDirectory)..\..\..\..\openFrameworks\video\ofMediaFoundationPlayer.cpp">
      <Filter>libs\openFrameworks\video</Filter>
    </ClCompile>
    <ClCompile Include="$(MSBuildThisFileDirectory)..\..\..\..\openFrameworks\video\ofQtUtils.cpp">
      <Filter>libs\openFrameworks\video</Filter>
    </ClCompile>
    <ClCompile Include="$(MSBuildThisFileDirectory)..\..\..\..\openFrameworks\video\ofVideoGrabber.cpp">
      <Filter>libs\openFrameworks\video</Filter>
    </ClCompile>
    <ClCompile Include="$(MSBuildThisFileDirectory)..\..\..\..\openFrameworks\video\ofVideoPlayer.cpp">
      <Filter>libs\openFrameworks\video</Filter>
    </ClCompile>
    <ClCompile Include="$(MSBuildThisFileDirectory)..\..\..\..\openFrameworks\video\ofWinrtVideoGrabber.cpp">
      <Filter>libs\openFrameworks\video</Filter>
    </ClCompile>
  </ItemGroup>
  <ItemGroup>
    <ClInclude Include="$(MSBuildThisFileDirectory)..\..\..\..\openFrameworks\3d\of3dPrimitives.h">
      <Filter>libs\openFrameworks\3d</Filter>
    </ClInclude>
    <ClInclude Include="$(MSBuildThisFileDirectory)..\..\..\..\openFrameworks\3d\of3dUtils.h">
      <Filter>libs\openFrameworks\3d</Filter>
    </ClInclude>
    <ClInclude Include="$(MSBuildThisFileDirectory)..\..\..\..\openFrameworks\3d\ofCamera.h">
      <Filter>libs\openFrameworks\3d</Filter>
    </ClInclude>
    <ClInclude Include="$(MSBuildThisFileDirectory)..\..\..\..\openFrameworks\3d\ofEasyCam.h">
      <Filter>libs\openFrameworks\3d</Filter>
    </ClInclude>
    <ClInclude Include="$(MSBuildThisFileDirectory)..\..\..\..\openFrameworks\3d\ofMesh.h">
      <Filter>libs\openFrameworks\3d</Filter>
    </ClInclude>
    <ClInclude Include="$(MSBuildThisFileDirectory)..\..\..\..\openFrameworks\3d\ofNode.h">
      <Filter>libs\openFrameworks\3d</Filter>
    </ClInclude>
    <ClInclude Include="$(MSBuildThisFileDirectory)..\..\..\..\openFrameworks\app\ofAppBaseWindow.h">
      <Filter>libs\openFrameworks\app</Filter>
    </ClInclude>
    <ClInclude Include="$(MSBuildThisFileDirectory)..\..\..\..\openFrameworks\app\ofAppNoWindow.h">
      <Filter>libs\openFrameworks\app</Filter>
    </ClInclude>
    <ClInclude Include="$(MSBuildThisFileDirectory)..\..\..\..\openFrameworks\app\ofAppRunner.h">
      <Filter>libs\openFrameworks\app</Filter>
    </ClInclude>
    <ClInclude Include="$(MSBuildThisFileDirectory)..\..\..\..\openFrameworks\app\ofAppWinRTWindow.h">
      <Filter>libs\openFrameworks\app</Filter>
    </ClInclude>
    <ClInclude Include="$(MSBuildThisFileDirectory)..\..\..\..\openFrameworks\app\ofBaseApp.h">
      <Filter>libs\openFrameworks\app</Filter>
    </ClInclude>
    <ClInclude Include="$(MSBuildThisFileDirectory)..\..\..\..\openFrameworks\app\ofIcon.h">
      <Filter>libs\openFrameworks\app</Filter>
    </ClInclude>
    <ClInclude Include="$(MSBuildThisFileDirectory)..\..\..\..\openFrameworks\events\ofDelegate.h">
      <Filter>libs\openFrameworks\events</Filter>
    </ClInclude>
    <ClInclude Include="$(MSBuildThisFileDirectory)..\..\..\..\openFrameworks\events\ofEvents.h">
      <Filter>libs\openFrameworks\events</Filter>
    </ClInclude>
    <ClInclude Include="$(MSBuildThisFileDirectory)..\..\..\..\openFrameworks\events\ofEventUtils.h">
      <Filter>libs\openFrameworks\events</Filter>
    </ClInclude>
    <ClInclude Include="$(MSBuildThisFileDirectory)..\..\..\..\openFrameworks\gl\ofFbo.h">
      <Filter>libs\openFrameworks\gl</Filter>
    </ClInclude>
    <ClInclude Include="$(MSBuildThisFileDirectory)..\..\..\..\openFrameworks\gl\ofGLProgrammableRenderer.h">
      <Filter>libs\openFrameworks\gl</Filter>
    </ClInclude>
    <ClInclude Include="$(MSBuildThisFileDirectory)..\..\..\..\openFrameworks\gl\ofGLUtils.h">
      <Filter>libs\openFrameworks\gl</Filter>
    </ClInclude>
    <ClInclude Include="$(MSBuildThisFileDirectory)..\..\..\..\openFrameworks\gl\ofLight.h">
      <Filter>libs\openFrameworks\gl</Filter>
    </ClInclude>
    <ClInclude Include="$(MSBuildThisFileDirectory)..\..\..\..\openFrameworks\gl\ofMaterial.h">
      <Filter>libs\openFrameworks\gl</Filter>
    </ClInclude>
    <ClInclude Include="$(MSBuildThisFileDirectory)..\..\..\..\openFrameworks\gl\ofShader.h">
      <Filter>libs\openFrameworks\gl</Filter>
    </ClInclude>
    <ClInclude Include="$(MSBuildThisFileDirectory)..\..\..\..\openFrameworks\gl\ofTexture.h">
      <Filter>libs\openFrameworks\gl</Filter>
    </ClInclude>
    <ClInclude Include="$(MSBuildThisFileDirectory)..\..\..\..\openFrameworks\gl\ofVbo.h">
      <Filter>libs\openFrameworks\gl</Filter>
    </ClInclude>
    <ClInclude Include="$(MSBuildThisFileDirectory)..\..\..\..\openFrameworks\gl\ofVboMesh.h">
      <Filter>libs\openFrameworks\gl</Filter>
    </ClInclude>
    <ClInclude Include="$(MSBuildThisFileDirectory)..\..\..\..\openFrameworks\graphics\of3dGraphics.h">
      <Filter>libs\openFrameworks\graphics</Filter>
    </ClInclude>
    <ClInclude Include="$(MSBuildThisFileDirectory)..\..\..\..\openFrameworks\graphics\ofBitmapFont.h">
      <Filter>libs\openFrameworks\graphics</Filter>
    </ClInclude>
    <ClInclude Include="$(MSBuildThisFileDirectory)..\..\..\..\openFrameworks\graphics\ofCairoRenderer.h">
      <Filter>libs\openFrameworks\graphics</Filter>
    </ClInclude>
    <ClInclude Include="$(MSBuildThisFileDirectory)..\..\..\..\openFrameworks\graphics\ofGraphics.h">
      <Filter>libs\openFrameworks\graphics</Filter>
    </ClInclude>
    <ClInclude Include="$(MSBuildThisFileDirectory)..\..\..\..\openFrameworks\graphics\ofImage.h">
      <Filter>libs\openFrameworks\graphics</Filter>
    </ClInclude>
    <ClInclude Include="$(MSBuildThisFileDirectory)..\..\..\..\openFrameworks\graphics\ofPath.h">
      <Filter>libs\openFrameworks\graphics</Filter>
    </ClInclude>
    <ClInclude Include="$(MSBuildThisFileDirectory)..\..\..\..\openFrameworks\graphics\ofPixels.h">
      <Filter>libs\openFrameworks\graphics</Filter>
    </ClInclude>
    <ClInclude Include="$(MSBuildThisFileDirectory)..\..\..\..\openFrameworks\graphics\ofPolyline.h">
      <Filter>libs\openFrameworks\graphics</Filter>
    </ClInclude>
    <ClInclude Include="$(MSBuildThisFileDirectory)..\..\..\..\openFrameworks\graphics\ofRendererCollection.h">
      <Filter>libs\openFrameworks\graphics</Filter>
    </ClInclude>
    <ClInclude Include="$(MSBuildThisFileDirectory)..\..\..\..\openFrameworks\graphics\ofTessellator.h">
      <Filter>libs\openFrameworks\graphics</Filter>
    </ClInclude>
    <ClInclude Include="$(MSBuildThisFileDirectory)..\..\..\..\openFrameworks\graphics\ofTrueTypeFont.h">
      <Filter>libs\openFrameworks\graphics</Filter>
    </ClInclude>
    <ClInclude Include="$(MSBuildThisFileDirectory)..\..\..\..\openFrameworks\math\ofMath.h">
      <Filter>libs\openFrameworks\math</Filter>
    </ClInclude>
    <ClInclude Include="$(MSBuildThisFileDirectory)..\..\..\..\openFrameworks\math\ofMatrix3x3.h">
      <Filter>libs\openFrameworks\math</Filter>
    </ClInclude>
    <ClInclude Include="$(MSBuildThisFileDirectory)..\..\..\..\openFrameworks\math\ofMatrix4x4.h">
      <Filter>libs\openFrameworks\math</Filter>
    </ClInclude>
    <ClInclude Include="$(MSBuildThisFileDirectory)..\..\..\..\openFrameworks\math\ofQuaternion.h">
      <Filter>libs\openFrameworks\math</Filter>
    </ClInclude>
    <ClInclude Include="$(MSBuildThisFileDirectory)..\..\..\..\openFrameworks\math\ofVec2f.h">
      <Filter>libs\openFrameworks\math</Filter>
    </ClInclude>
    <ClInclude Include="$(MSBuildThisFileDirectory)..\..\..\..\openFrameworks\math\ofVec3f.h">
      <Filter>libs\openFrameworks\math</Filter>
    </ClInclude>
    <ClInclude Include="$(MSBuildThisFileDirectory)..\..\..\..\openFrameworks\math\ofVec4f.h">
      <Filter>libs\openFrameworks\math</Filter>
    </ClInclude>
    <ClInclude Include="$(MSBuildThisFileDirectory)..\..\..\..\openFrameworks\math\ofVectorMath.h">
      <Filter>libs\openFrameworks\math</Filter>
    </ClInclude>
    <ClInclude Include="$(MSBuildThisFileDirectory)..\..\..\..\openFrameworks\sound\ofBaseSoundPlayer.h">
      <Filter>libs\openFrameworks\sound</Filter>
    </ClInclude>
    <ClInclude Include="$(MSBuildThisFileDirectory)..\..\..\..\openFrameworks\sound\ofBaseSoundStream.h">
      <Filter>libs\openFrameworks\sound</Filter>
    </ClInclude>
    <ClInclude Include="$(MSBuildThisFileDirectory)..\..\..\..\openFrameworks\sound\ofFmodSoundPlayer.h">
      <Filter>libs\openFrameworks\sound</Filter>
    </ClInclude>
    <ClInclude Include="$(MSBuildThisFileDirectory)..\..\..\..\openFrameworks\sound\ofOpenALSoundPlayer.h">
      <Filter>libs\openFrameworks\sound</Filter>
    </ClInclude>
    <ClInclude Include="$(MSBuildThisFileDirectory)..\..\..\..\openFrameworks\sound\ofRtAudioSoundStream.h">
      <Filter>libs\openFrameworks\sound</Filter>
    </ClInclude>
    <ClInclude Include="$(MSBuildThisFileDirectory)..\..\..\..\openFrameworks\sound\ofSoundPlayer.h">
      <Filter>libs\openFrameworks\sound</Filter>
    </ClInclude>
    <ClInclude Include="$(MSBuildThisFileDirectory)..\..\..\..\openFrameworks\sound\ofSoundStream.h">
      <Filter>libs\openFrameworks\sound</Filter>
    </ClInclude>
    <ClInclude Include="$(MSBuildThisFileDirectory)..\..\..\..\openFrameworks\ThreadEmulation\ThreadEmulation.h">
      <Filter>libs\openFrameworks\ThreadEmulation</Filter>
    </ClInclude>
    <ClInclude Include="$(MSBuildThisFileDirectory)..\..\..\..\openFrameworks\types\ofBaseTypes.h">
      <Filter>libs\openFrameworks\types</Filter>
    </ClInclude>
    <ClInclude Include="$(MSBuildThisFileDirectory)..\..\..\..\openFrameworks\types\ofColor.h">
      <Filter>libs\openFrameworks\types</Filter>
    </ClInclude>
    <ClInclude Include="$(MSBuildThisFileDirectory)..\..\..\..\openFrameworks\types\ofParameter.h">
      <Filter>libs\openFrameworks\types</Filter>
    </ClInclude>
    <ClInclude Include="$(MSBuildThisFileDirectory)..\..\..\..\openFrameworks\types\ofParameterGroup.h">
      <Filter>libs\openFrameworks\types</Filter>
    </ClInclude>
    <ClInclude Include="$(MSBuildThisFileDirectory)..\..\..\..\openFrameworks\types\ofPoint.h">
      <Filter>libs\openFrameworks\types</Filter>
    </ClInclude>
    <ClInclude Include="$(MSBuildThisFileDirectory)..\..\..\..\openFrameworks\types\ofRectangle.h">
      <Filter>libs\openFrameworks\types</Filter>
    </ClInclude>
    <ClInclude Include="$(MSBuildThisFileDirectory)..\..\..\..\openFrameworks\types\ofTypes.h">
      <Filter>libs\openFrameworks\types</Filter>
    </ClInclude>
    <ClInclude Include="$(MSBuildThisFileDirectory)..\..\..\..\openFrameworks\utils\ofConstants.h">
      <Filter>libs\openFrameworks\utils</Filter>
    </ClInclude>
    <ClInclude Include="$(MSBuildThisFileDirectory)..\..\..\..\openFrameworks\utils\ofFileUtils.h">
      <Filter>libs\openFrameworks\utils</Filter>
    </ClInclude>
    <ClInclude Include="$(MSBuildThisFileDirectory)..\..\..\..\openFrameworks\utils\ofLog.h">
      <Filter>libs\openFrameworks\utils</Filter>
    </ClInclude>
    <ClInclude Include="$(MSBuildThisFileDirectory)..\..\..\..\openFrameworks\utils\ofMatrixStack.h">
      <Filter>libs\openFrameworks\utils</Filter>
    </ClInclude>
    <ClInclude Include="$(MSBuildThisFileDirectory)..\..\..\..\openFrameworks\utils\ofNoise.h">
      <Filter>libs\openFrameworks\utils</Filter>
    </ClInclude>
    <ClInclude Include="$(MSBuildThisFileDirectory)..\..\..\..\openFrameworks\utils\ofSystemUtils.h">
      <Filter>libs\openFrameworks\utils</Filter>
    </ClInclude>
    <ClInclude Include="$(MSBuildThisFileDirectory)..\..\..\..\openFrameworks\utils\ofThread.h">
      <Filter>libs\openFrameworks\utils</Filter>
    </ClInclude>
    <ClInclude Include="$(MSBuildThisFileDirectory)..\..\..\..\openFrameworks\utils\ofUtils.h">
      <Filter>libs\openFrameworks\utils</Filter>
    </ClInclude>
    <ClInclude Include="$(MSBuildThisFileDirectory)..\..\..\..\openFrameworks\utils\ofXml.h">
      <Filter>libs\openFrameworks\utils</Filter>
    </ClInclude>
    <ClInclude Include="$(MSBuildThisFileDirectory)..\..\..\..\openFrameworks\utils\ofURLFileLoader.h">
      <Filter>libs\openFrameworks\utils</Filter>
    </ClInclude>
    <ClInclude Include="$(MSBuildThisFileDirectory)..\..\..\..\openFrameworks\video\ofMediaFoundationPlayer.h">
      <Filter>libs\openFrameworks\video</Filter>
    </ClInclude>
    <ClInclude Include="$(MSBuildThisFileDirectory)..\..\..\..\openFrameworks\video\ofQtUtils.h">
      <Filter>libs\openFrameworks\video</Filter>
    </ClInclude>
    <ClInclude Include="$(MSBuildThisFileDirectory)..\..\..\..\openFrameworks\video\ofVideoGrabber.h">
      <Filter>libs\openFrameworks\video</Filter>
    </ClInclude>
    <ClInclude Include="$(MSBuildThisFileDirectory)..\..\..\..\openFrameworks\video\ofVideoPlayer.h">
      <Filter>libs\openFrameworks\video</Filter>
    </ClInclude>
    <ClInclude Include="$(MSBuildThisFileDirectory)..\..\..\..\openFrameworks\video\ofWinrtVideoGrabber.h">
      <Filter>libs\openFrameworks\video</Filter>
    </ClInclude>
    <ClInclude Include="$(MSBuildThisFileDirectory)..\..\..\..\openFrameworks\ofMain.h">
      <Filter>libs\openFrameworks</Filter>
    </ClInclude>
  </ItemGroup>
</Project>